
Microsoft Visual Studio Solution File, Format Version 12.00
# Visual Studio Version 17
VisualStudioVersion = 17.14.36915.13 d17.14
MinimumVisualStudioVersion = 10.0.40219.1
Project("{FAE04EC0-301F-11D3-BF4B-00C04F79EFBC}") = "CyberSafetyChatbot", "CyberSafetyChatbot\CyberSafetyChatbot.csproj", "{6A344830-3657-43EF-AD4C-EAEA7136B9CB}"
EndProject
Global
	GlobalSection(SolutionConfigurationPlatforms) = preSolution
		Debug|Any CPU = Debug|Any CPU
		Release|Any CPU = Release|Any CPU
	EndGlobalSection
	GlobalSection(ProjectConfigurationPlatforms) = postSolution
		{6A344830-3657-43EF-AD4C-EAEA7136B9CB}.Debug|Any CPU.ActiveCfg = Debug|Any CPU
		{6A344830-3657-43EF-AD4C-EAEA7136B9CB}.Debug|Any CPU.Build.0 = Debug|Any CPU
		{6A344830-3657-43EF-AD4C-EAEA7136B9CB}.Release|Any CPU.ActiveCfg = Release|Any CPU
		{6A344830-3657-43EF-AD4C-EAEA7136B9CB}.Release|Any CPU.Build.0 = Release|Any CPU
	EndGlobalSection
	GlobalSection(SolutionProperties) = preSolution
		HideSolutionNode = FALSE
	EndGlobalSection
	GlobalSection(ExtensibilityGlobals) = postSolution
		SolutionGuid = {5272D31E-235C-4F48-84AE-F133D2965E42}
	EndGlobalSection
EndGlobal
